{
  "pins" : [
    {
      "identity" : "macaw",
      "kind" : "remoteSourceControl",
      "location" : "https://github.com/exyte/Macaw.git",
      "state" : {
        "revision" : "29ec199cbc9c814f8ceffc1a33b8775b7349dcdd",
        "version" : "0.9.10"
      }
    },
    {
      "identity" : "swiftui-introspect",
      "kind" : "remoteSourceControl",
      "location" : "https://github.com/siteline/SwiftUI-Introspect.git",
      "state" : {
        "revision" : "9e1cc02a65b22e09a8251261cccbccce02731fc5",
        "version" : "1.1.1"
      }
    },
    {
      "identity" : "swxmlhash",
      "kind" : "remoteSourceControl",
      "location" : "https://github.com/drmohundro/SWXMLHash",
      "state" : {
        "revision" : "6469881a3f30417c5bb02404ea4b69207f297592",
        "version" : "6.0.0"
      }
    }
  ],
  "version" : 2
}
