// !$*UTF8*$!
{
	archiveVersion = 1;
	classes = {
	};
	objectVersion = 56;
	objects = {

/* Begin PBXBuildFile section */
		175DB53C2B052214008A0D83 /* Rewards.swift in Sources */ = {isa = PBXBuildFile; fileRef = 175DB53B2B052214008A0D83 /* Rewards.swift */; };
		7A07A62E2B078272007B198D /* ClassementDetaileView.swift in Sources */ = {isa = PBXBuildFile; fileRef = 7A07A62D2B078272007B198D /* ClassementDetaileView.swift */; };
		7A07A6322B078469007B198D /* ClassementComponent.swift in Sources */ = {isa = PBXBuildFile; fileRef = 7A07A6312B078469007B198D /* ClassementComponent.swift */; };
		7A07A6372B0A93B9007B198D /* SquareView.swift in Sources */ = {isa = PBXBuildFile; fileRef = 7A07A6362B0A93B9007B198D /* SquareView.swift */; };
		7A07A6392B0A97AC007B198D /* ButtonGainComponent.swift in Sources */ = {isa = PBXBuildFile; fileRef = 7A07A6382B0A97AC007B198D /* ButtonGainComponent.swift */; };
		7A34388D2B0128A00025629D /* misio_n_del_diaApp.swift in Sources */ = {isa = PBXBuildFile; fileRef = 7A34388C2B0128A00025629D /* misio_n_del_diaApp.swift */; };
		7A34388F2B0128A00025629D /* ContentView.swift in Sources */ = {isa = PBXBuildFile; fileRef = 7A34388E2B0128A00025629D /* ContentView.swift */; };
		7A3438912B0128A50025629D /* Assets.xcassets in Resources */ = {isa = PBXBuildFile; fileRef = 7A3438902B0128A50025629D /* Assets.xcassets */; };
		7A3438952B0128A50025629D /* Preview Assets.xcassets in Resources */ = {isa = PBXBuildFile; fileRef = 7A3438942B0128A50025629D /* Preview Assets.xcassets */; };
		7A34389C2B0129C80025629D /* ProfilView.swift in Sources */ = {isa = PBXBuildFile; fileRef = 7A34389B2B0129C80025629D /* ProfilView.swift */; };
		7A3438A12B012DA30025629D /* BottomNavbarView.swift in Sources */ = {isa = PBXBuildFile; fileRef = 7A3438A02B012DA30025629D /* BottomNavbarView.swift */; };
		7A3438A32B012F190025629D /* BlurView.swift in Sources */ = {isa = PBXBuildFile; fileRef = 7A3438A22B012F190025629D /* BlurView.swift */; };
		7A3438A62B012F390025629D /* Ressources.swift in Sources */ = {isa = PBXBuildFile; fileRef = 7A3438A52B012F390025629D /* Ressources.swift */; };
		7A3438A82B012F540025629D /* BackgroundView.swift in Sources */ = {isa = PBXBuildFile; fileRef = 7A3438A72B012F540025629D /* BackgroundView.swift */; };
		7AA4526B2B0B549300181E26 /* TopNavBarView.swift in Sources */ = {isa = PBXBuildFile; fileRef = 7AA4526A2B0B549300181E26 /* TopNavBarView.swift */; };
		7AE4B58C2B03B05D00FC91DB /* ClassementView.swift in Sources */ = {isa = PBXBuildFile; fileRef = 7AE4B58B2B03B05D00FC91DB /* ClassementView.swift */; };
/* End PBXBuildFile section */

/* Begin PBXFileReference section */
		175DB53B2B052214008A0D83 /* Rewards.swift */ = {isa = PBXFileReference; lastKnownFileType = sourcecode.swift; path = Rewards.swift; sourceTree = "<group>"; };
		17941E4B2B07D794006DCA44 /* Buy.swift */ = {isa = PBXFileReference; lastKnownFileType = sourcecode.swift; path = Buy.swift; sourceTree = "<group>"; };
		7A07A62D2B078272007B198D /* ClassementDetaileView.swift */ = {isa = PBXFileReference; lastKnownFileType = sourcecode.swift; path = ClassementDetaileView.swift; sourceTree = "<group>"; };
		7A07A6312B078469007B198D /* ClassementComponent.swift */ = {isa = PBXFileReference; lastKnownFileType = sourcecode.swift; path = ClassementComponent.swift; sourceTree = "<group>"; };
		7A07A6362B0A93B9007B198D /* SquareView.swift */ = {isa = PBXFileReference; lastKnownFileType = sourcecode.swift; path = SquareView.swift; sourceTree = "<group>"; };
		7A07A6382B0A97AC007B198D /* ButtonGainComponent.swift */ = {isa = PBXFileReference; lastKnownFileType = sourcecode.swift; path = ButtonGainComponent.swift; sourceTree = "<group>"; };
		7A3438892B0128A00025629D /* misión-del-dia.app */ = {isa = PBXFileReference; explicitFileType = wrapper.application; includeInIndex = 0; path = "misión-del-dia.app"; sourceTree = BUILT_PRODUCTS_DIR; };
		7A34388C2B0128A00025629D /* misio_n_del_diaApp.swift */ = {isa = PBXFileReference; lastKnownFileType = sourcecode.swift; path = misio_n_del_diaApp.swift; sourceTree = "<group>"; };
		7A34388E2B0128A00025629D /* ContentView.swift */ = {isa = PBXFileReference; lastKnownFileType = sourcecode.swift; path = ContentView.swift; sourceTree = "<group>"; };
		7A3438902B0128A50025629D /* Assets.xcassets */ = {isa = PBXFileReference; lastKnownFileType = folder.assetcatalog; path = Assets.xcassets; sourceTree = "<group>"; };
		7A3438922B0128A50025629D /* misio_n_del_dia.entitlements */ = {isa = PBXFileReference; lastKnownFileType = text.plist.entitlements; path = misio_n_del_dia.entitlements; sourceTree = "<group>"; };
		7A3438942B0128A50025629D /* Preview Assets.xcassets */ = {isa = PBXFileReference; lastKnownFileType = folder.assetcatalog; path = "Preview Assets.xcassets"; sourceTree = "<group>"; };
		7A34389B2B0129C80025629D /* ProfilView.swift */ = {isa = PBXFileReference; lastKnownFileType = sourcecode.swift; path = ProfilView.swift; sourceTree = "<group>"; };
		7A3438A02B012DA30025629D /* BottomNavbarView.swift */ = {isa = PBXFileReference; lastKnownFileType = sourcecode.swift; path = BottomNavbarView.swift; sourceTree = "<group>"; };
		7A3438A22B012F190025629D /* BlurView.swift */ = {isa = PBXFileReference; lastKnownFileType = sourcecode.swift; path = BlurView.swift; sourceTree = "<group>"; };
		7A3438A52B012F390025629D /* Ressources.swift */ = {isa = PBXFileReference; lastKnownFileType = sourcecode.swift; path = Ressources.swift; sourceTree = "<group>"; };
		7A3438A72B012F540025629D /* BackgroundView.swift */ = {isa = PBXFileReference; lastKnownFileType = sourcecode.swift; path = BackgroundView.swift; sourceTree = "<group>"; };
		7AA4526A2B0B549300181E26 /* TopNavBarView.swift */ = {isa = PBXFileReference; lastKnownFileType = sourcecode.swift; path = TopNavBarView.swift; sourceTree = "<group>"; };
		7AE4B58B2B03B05D00FC91DB /* ClassementView.swift */ = {isa = PBXFileReference; lastKnownFileType = sourcecode.swift; path = ClassementView.swift; sourceTree = "<group>"; };
/* End PBXFileReference section */

/* Begin PBXFrameworksBuildPhase section */
		7A3438862B0128A00025629D /* Frameworks */ = {
			isa = PBXFrameworksBuildPhase;
			buildActionMask = 2147483647;
			files = (
			);
			runOnlyForDeploymentPostprocessing = 0;
		};
/* End PBXFrameworksBuildPhase section */

/* Begin PBXGroup section */
		175DB53A2B0521DF008A0D83 /* Rewards */ = {
			isa = PBXGroup;
			children = (
				175DB53B2B052214008A0D83 /* Rewards.swift */,
				17941E4B2B07D794006DCA44 /* Buy.swift */,
			);
			path = Rewards;
			sourceTree = "<group>";
		};
		7A07A6352B0A93AC007B198D /* MissionSquareView */ = {
			isa = PBXGroup;
			children = (
				7A07A6362B0A93B9007B198D /* SquareView.swift */,
			);
			path = MissionSquareView;
			sourceTree = "<group>";
		};
		7A3438802B0128A00025629D = {
			isa = PBXGroup;
			children = (
				7A34388B2B0128A00025629D /* misión-del-dia */,
				7A34388A2B0128A00025629D /* Products */,
			);
			sourceTree = "<group>";
		};
		7A34388A2B0128A00025629D /* Products */ = {
			isa = PBXGroup;
			children = (
				7A3438892B0128A00025629D /* misión-del-dia.app */,
			);
			name = Products;
			sourceTree = "<group>";
		};
		7A34388B2B0128A00025629D /* misión-del-dia */ = {
			isa = PBXGroup;
			children = (
				7AA452692B0B547500181E26 /* TopNavbar */,
				7A07A6352B0A93AC007B198D /* MissionSquareView */,
				7A7E610D2B06557B00ACA957 /* Tools */,
				7A7E61032B06530000ACA957 /* Assets */,
				7AE4B58A2B03B04F00FC91DB /* Classement */,
				175DB53A2B0521DF008A0D83 /* Rewards */,
				7A3438A42B012F290025629D /* Ressources */,
				7A34389D2B012CBA0025629D /* BottomNavbar */,
				7A34388C2B0128A00025629D /* misio_n_del_diaApp.swift */,
				7A34388E2B0128A00025629D /* ContentView.swift */,
				7A3438902B0128A50025629D /* Assets.xcassets */,
				7A3438922B0128A50025629D /* misio_n_del_dia.entitlements */,
				7A3438932B0128A50025629D /* Preview Content */,
			);
			path = "misión-del-dia";
			sourceTree = "<group>";
		};
		7A3438932B0128A50025629D /* Preview Content */ = {
			isa = PBXGroup;
			children = (
				7A3438942B0128A50025629D /* Preview Assets.xcassets */,
			);
			path = "Preview Content";
			sourceTree = "<group>";
		};
		7A34389D2B012CBA0025629D /* BottomNavbar */ = {
			isa = PBXGroup;
			children = (
				7A3438A02B012DA30025629D /* BottomNavbarView.swift */,
			);
			path = BottomNavbar;
			sourceTree = "<group>";
		};
		7A3438A42B012F290025629D /* Ressources */ = {
			isa = PBXGroup;
			children = (
				7A34389B2B0129C80025629D /* ProfilView.swift */,
				7A3438A22B012F190025629D /* BlurView.swift */,
				7A3438A52B012F390025629D /* Ressources.swift */,
				7A3438A72B012F540025629D /* BackgroundView.swift */,
			);
			path = Ressources;
			sourceTree = "<group>";
		};
		7A7E61032B06530000ACA957 /* Assets */ = {
			isa = PBXGroup;
			children = (
			);
			path = Assets;
			sourceTree = "<group>";
		};
		7A7E610D2B06557B00ACA957 /* Tools */ = {
			isa = PBXGroup;
			children = (
				7A07A6382B0A97AC007B198D /* ButtonGainComponent.swift */,
			);
			path = Tools;
			sourceTree = "<group>";
		};
		7AA452692B0B547500181E26 /* TopNavbar */ = {
			isa = PBXGroup;
			children = (
				7AA4526A2B0B549300181E26 /* TopNavBarView.swift */,
			);
			path = TopNavbar;
			sourceTree = "<group>";
		};
		7AE4B58A2B03B04F00FC91DB /* Classement */ = {
			isa = PBXGroup;
			children = (
				7AE4B58B2B03B05D00FC91DB /* ClassementView.swift */,
				7A07A62D2B078272007B198D /* ClassementDetaileView.swift */,
				7A07A6312B078469007B198D /* ClassementComponent.swift */,
			);
			path = Classement;
			sourceTree = "<group>";
		};
/* End PBXGroup section */

/* Begin PBXNativeTarget section */
		7A3438882B0128A00025629D /* misión-del-dia */ = {
			isa = PBXNativeTarget;
			buildConfigurationList = 7A3438982B0128A50025629D /* Build configuration list for PBXNativeTarget "misión-del-dia" */;
			buildPhases = (
				7A3438852B0128A00025629D /* Sources */,
				7A3438862B0128A00025629D /* Frameworks */,
				7A3438872B0128A00025629D /* Resources */,
			);
			buildRules = (
			);
			dependencies = (
			);
			name = "misión-del-dia";
			packageProductDependencies = (
			);
			productName = "misión-del-dia";
			productReference = 7A3438892B0128A00025629D /* misión-del-dia.app */;
			productType = "com.apple.product-type.application";
		};
/* End PBXNativeTarget section */

/* Begin PBXProject section */
		7A3438812B0128A00025629D /* Project object */ = {
			isa = PBXProject;
			attributes = {
				BuildIndependentTargetsInParallel = 1;
				LastSwiftUpdateCheck = 1500;
				LastUpgradeCheck = 1500;
				TargetAttributes = {
					7A3438882B0128A00025629D = {
						CreatedOnToolsVersion = 15.0.1;
					};
				};
			};
			buildConfigurationList = 7A3438842B0128A00025629D /* Build configuration list for PBXProject "misión-del-dia" */;
			compatibilityVersion = "Xcode 14.0";
			developmentRegion = es;
			hasScannedForEncodings = 0;
			knownRegions = (
				en,
				Base,
				es,
			);
			mainGroup = 7A3438802B0128A00025629D;
			packageReferences = (
			);
			productRefGroup = 7A34388A2B0128A00025629D /* Products */;
			projectDirPath = "";
			projectRoot = "";
			targets = (
				7A3438882B0128A00025629D /* misión-del-dia */,
			);
		};
/* End PBXProject section */

/* Begin PBXResourcesBuildPhase section */
		7A3438872B0128A00025629D /* Resources */ = {
			isa = PBXResourcesBuildPhase;
			buildActionMask = 2147483647;
			files = (
				7A3438952B0128A50025629D /* Preview Assets.xcassets in Resources */,
				7A3438912B0128A50025629D /* Assets.xcassets in Resources */,
			);
			runOnlyForDeploymentPostprocessing = 0;
		};
/* End PBXResourcesBuildPhase section */

/* Begin PBXSourcesBuildPhase section */
		7A3438852B0128A00025629D /* Sources */ = {
			isa = PBXSourcesBuildPhase;
			buildActionMask = 2147483647;
			files = (
				7A34388F2B0128A00025629D /* ContentView.swift in Sources */,
				7A07A6392B0A97AC007B198D /* ButtonGainComponent.swift in Sources */,
				175DB53C2B052214008A0D83 /* Rewards.swift in Sources */,
				7AE4B58C2B03B05D00FC91DB /* ClassementView.swift in Sources */,
				7A07A6372B0A93B9007B198D /* SquareView.swift in Sources */,
				7A34388D2B0128A00025629D /* misio_n_del_diaApp.swift in Sources */,
				7A3438A32B012F190025629D /* BlurView.swift in Sources */,
				7A3438A82B012F540025629D /* BackgroundView.swift in Sources */,
				7AA4526B2B0B549300181E26 /* TopNavBarView.swift in Sources */,
				7A07A62E2B078272007B198D /* ClassementDetaileView.swift in Sources */,
				7A3438A62B012F390025629D /* Ressources.swift in Sources */,
				7A34389C2B0129C80025629D /* ProfilView.swift in Sources */,
				7A07A6322B078469007B198D /* ClassementComponent.swift in Sources */,
				7A3438A12B012DA30025629D /* BottomNavbarView.swift in Sources */,
			);
			runOnlyForDeploymentPostprocessing = 0;
		};
/* End PBXSourcesBuildPhase section */

/* Begin XCBuildConfiguration section */
		7A3438962B0128A50025629D /* Debug */ = {
			isa = XCBuildConfiguration;
			buildSettings = {
				ALWAYS_SEARCH_USER_PATHS = NO;
				ASSETCATALOG_COMPILER_GENERATE_SWIFT_ASSET_SYMBOL_EXTENSIONS = YES;
				CLANG_ANALYZER_NONNULL = YES;
				CLANG_ANALYZER_NUMBER_OBJECT_CONVERSION = YES_AGGRESSIVE;
				CLANG_CXX_LANGUAGE_STANDARD = "gnu++20";
				CLANG_ENABLE_MODULES = YES;
				CLANG_ENABLE_OBJC_ARC = YES;
				CLANG_ENABLE_OBJC_WEAK = YES;
				CLANG_WARN_BLOCK_CAPTURE_AUTORELEASING = YES;
				CLANG_WARN_BOOL_CONVERSION = YES;
				CLANG_WARN_COMMA = YES;
				CLANG_WARN_CONSTANT_CONVERSION = YES;
				CLANG_WARN_DEPRECATED_OBJC_IMPLEMENTATIONS = YES;
				CLANG_WARN_DIRECT_OBJC_ISA_USAGE = YES_ERROR;
				CLANG_WARN_DOCUMENTATION_COMMENTS = YES;
				CLANG_WARN_EMPTY_BODY = YES;
				CLANG_WARN_ENUM_CONVERSION = YES;
				CLANG_WARN_INFINITE_RECURSION = YES;
				CLANG_WARN_INT_CONVERSION = YES;
				CLANG_WARN_NON_LITERAL_NULL_CONVERSION = YES;
				CLANG_WARN_OBJC_IMPLICIT_RETAIN_SELF = YES;
				CLANG_WARN_OBJC_LITERAL_CONVERSION = YES;
				CLANG_WARN_OBJC_ROOT_CLASS = YES_ERROR;
				CLANG_WARN_QUOTED_INCLUDE_IN_FRAMEWORK_HEADER = YES;
				CLANG_WARN_RANGE_LOOP_ANALYSIS = YES;
				CLANG_WARN_STRICT_PROTOTYPES = YES;
				CLANG_WARN_SUSPICIOUS_MOVE = YES;
				CLANG_WARN_UNGUARDED_AVAILABILITY = YES_AGGRESSIVE;
				CLANG_WARN_UNREACHABLE_CODE = YES;
				CLANG_WARN__DUPLICATE_METHOD_MATCH = YES;
				COPY_PHASE_STRIP = NO;
				DEBUG_INFORMATION_FORMAT = dwarf;
				ENABLE_STRICT_OBJC_MSGSEND = YES;
				ENABLE_TESTABILITY = YES;
				ENABLE_USER_SCRIPT_SANDBOXING = YES;
				GCC_C_LANGUAGE_STANDARD = gnu17;
				GCC_DYNAMIC_NO_PIC = NO;
				GCC_NO_COMMON_BLOCKS = YES;
				GCC_OPTIMIZATION_LEVEL = 0;
				GCC_PREPROCESSOR_DEFINITIONS = (
					"DEBUG=1",
					"$(inherited)",
				);
				GCC_WARN_64_TO_32_BIT_CONVERSION = YES;
				GCC_WARN_ABOUT_RETURN_TYPE = YES_ERROR;
				GCC_WARN_UNDECLARED_SELECTOR = YES;
				GCC_WARN_UNINITIALIZED_AUTOS = YES_AGGRESSIVE;
				GCC_WARN_UNUSED_FUNCTION = YES;
				GCC_WARN_UNUSED_VARIABLE = YES;
				LOCALIZATION_PREFERS_STRING_CATALOGS = YES;
				MTL_ENABLE_DEBUG_INFO = INCLUDE_SOURCE;
				MTL_FAST_MATH = YES;
				ONLY_ACTIVE_ARCH = YES;
				SWIFT_ACTIVE_COMPILATION_CONDITIONS = "DEBUG $(inherited)";
				SWIFT_OPTIMIZATION_LEVEL = "-Onone";
			};
			name = Debug;
		};
		7A3438972B0128A50025629D /* Release */ = {
			isa = XCBuildConfiguration;
			buildSettings = {
				ALWAYS_SEARCH_USER_PATHS = NO;
				ASSETCATALOG_COMPILER_GENERATE_SWIFT_ASSET_SYMBOL_EXTENSIONS = YES;
				CLANG_ANALYZER_NONNULL = YES;
				CLANG_ANALYZER_NUMBER_OBJECT_CONVERSION = YES_AGGRESSIVE;
				CLANG_CXX_LANGUAGE_STANDARD = "gnu++20";
				CLANG_ENABLE_MODULES = YES;
				CLANG_ENABLE_OBJC_ARC = YES;
				CLANG_ENABLE_OBJC_WEAK = YES;
				CLANG_WARN_BLOCK_CAPTURE_AUTORELEASING = YES;
				CLANG_WARN_BOOL_CONVERSION = YES;
				CLANG_WARN_COMMA = YES;
				CLANG_WARN_CONSTANT_CONVERSION = YES;
				CLANG_WARN_DEPRECATED_OBJC_IMPLEMENTATIONS = YES;
				CLANG_WARN_DIRECT_OBJC_ISA_USAGE = YES_ERROR;
				CLANG_WARN_DOCUMENTATION_COMMENTS = YES;
				CLANG_WARN_EMPTY_BODY = YES;
				CLANG_WARN_ENUM_CONVERSION = YES;
				CLANG_WARN_INFINITE_RECURSION = YES;
				CLANG_WARN_INT_CONVERSION = YES;
				CLANG_WARN_NON_LITERAL_NULL_CONVERSION = YES;
				CLANG_WARN_OBJC_IMPLICIT_RETAIN_SELF = YES;
				CLANG_WARN_OBJC_LITERAL_CONVERSION = YES;
				CLANG_WARN_OBJC_ROOT_CLASS = YES_ERROR;
				CLANG_WARN_QUOTED_INCLUDE_IN_FRAMEWORK_HEADER = YES;
				CLANG_WARN_RANGE_LOOP_ANALYSIS = YES;
				CLANG_WARN_STRICT_PROTOTYPES = YES;
				CLANG_WARN_SUSPICIOUS_MOVE = YES;
				CLANG_WARN_UNGUARDED_AVAILABILITY = YES_AGGRESSIVE;
				CLANG_WARN_UNREACHABLE_CODE = YES;
				CLANG_WARN__DUPLICATE_METHOD_MATCH = YES;
				COPY_PHASE_STRIP = NO;
				DEBUG_INFORMATION_FORMAT = "dwarf-with-dsym";
				ENABLE_NS_ASSERTIONS = NO;
				ENABLE_STRICT_OBJC_MSGSEND = YES;
				ENABLE_USER_SCRIPT_SANDBOXING = YES;
				GCC_C_LANGUAGE_STANDARD = gnu17;
				GCC_NO_COMMON_BLOCKS = YES;
				GCC_WARN_64_TO_32_BIT_CONVERSION = YES;
				GCC_WARN_ABOUT_RETURN_TYPE = YES_ERROR;
				GCC_WARN_UNDECLARED_SELECTOR = YES;
				GCC_WARN_UNINITIALIZED_AUTOS = YES_AGGRESSIVE;
				GCC_WARN_UNUSED_FUNCTION = YES;
				GCC_WARN_UNUSED_VARIABLE = YES;
				LOCALIZATION_PREFERS_STRING_CATALOGS = YES;
				MTL_ENABLE_DEBUG_INFO = NO;
				MTL_FAST_MATH = YES;
				SWIFT_COMPILATION_MODE = wholemodule;
			};
			name = Release;
		};
		7A3438992B0128A50025629D /* Debug */ = {
			isa = XCBuildConfiguration;
			buildSettings = {
				ASSETCATALOG_COMPILER_APPICON_NAME = AppIcon;
				ASSETCATALOG_COMPILER_GLOBAL_ACCENT_COLOR_NAME = AccentColor;
				CODE_SIGN_ENTITLEMENTS = "misión-del-dia/misio_n_del_dia.entitlements";
				CODE_SIGN_STYLE = Automatic;
				CURRENT_PROJECT_VERSION = 1;
				DEVELOPMENT_ASSET_PATHS = "\"misión-del-dia/Preview Content\"";
				DEVELOPMENT_TEAM = 5HTBBBGAM5;
				ENABLE_HARDENED_RUNTIME = YES;
				ENABLE_PREVIEWS = YES;
				GENERATE_INFOPLIST_FILE = YES;
				"INFOPLIST_KEY_UIApplicationSceneManifest_Generation[sdk=iphoneos*]" = YES;
				"INFOPLIST_KEY_UIApplicationSceneManifest_Generation[sdk=iphonesimulator*]" = YES;
				"INFOPLIST_KEY_UIApplicationSupportsIndirectInputEvents[sdk=iphoneos*]" = YES;
				"INFOPLIST_KEY_UIApplicationSupportsIndirectInputEvents[sdk=iphonesimulator*]" = YES;
				"INFOPLIST_KEY_UILaunchScreen_Generation[sdk=iphoneos*]" = YES;
				"INFOPLIST_KEY_UILaunchScreen_Generation[sdk=iphonesimulator*]" = YES;
				"INFOPLIST_KEY_UIStatusBarStyle[sdk=iphoneos*]" = UIStatusBarStyleDefault;
				"INFOPLIST_KEY_UIStatusBarStyle[sdk=iphonesimulator*]" = UIStatusBarStyleDefault;
				INFOPLIST_KEY_UISupportedInterfaceOrientations_iPad = "UIInterfaceOrientationPortrait UIInterfaceOrientationPortraitUpsideDown UIInterfaceOrientationLandscapeLeft UIInterfaceOrientationLandscapeRight";
				INFOPLIST_KEY_UISupportedInterfaceOrientations_iPhone = "UIInterfaceOrientationPortrait UIInterfaceOrientationLandscapeLeft UIInterfaceOrientationLandscapeRight";
				IPHONEOS_DEPLOYMENT_TARGET = 17.0;
				LD_RUNPATH_SEARCH_PATHS = "@executable_path/Frameworks";
				"LD_RUNPATH_SEARCH_PATHS[sdk=macosx*]" = "@executable_path/../Frameworks";
				MACOSX_DEPLOYMENT_TARGET = 14.0;
				MARKETING_VERSION = 1.0;
				PRODUCT_BUNDLE_IDENTIFIER = "com.williamr.misio-n-del-dia";
				PRODUCT_NAME = "$(TARGET_NAME)";
				SDKROOT = auto;
				SUPPORTED_PLATFORMS = "iphoneos iphonesimulator macosx";
				SWIFT_EMIT_LOC_STRINGS = YES;
				SWIFT_VERSION = 5.0;
				TARGETED_DEVICE_FAMILY = "1,2";
			};
			name = Debug;
		};
		7A34389A2B0128A50025629D /* Release */ = {
			isa = XCBuildConfiguration;
			buildSettings = {
				ASSETCATALOG_COMPILER_APPICON_NAME = AppIcon;
				ASSETCATALOG_COMPILER_GLOBAL_ACCENT_COLOR_NAME = AccentColor;
				CODE_SIGN_ENTITLEMENTS = "misión-del-dia/misio_n_del_dia.entitlements";
				CODE_SIGN_STYLE = Automatic;
				CURRENT_PROJECT_VERSION = 1;
				DEVELOPMENT_ASSET_PATHS = "\"misión-del-dia/Preview Content\"";
				DEVELOPMENT_TEAM = 5HTBBBGAM5;
				ENABLE_HARDENED_RUNTIME = YES;
				ENABLE_PREVIEWS = YES;
				GENERATE_INFOPLIST_FILE = YES;
				"INFOPLIST_KEY_UIApplicationSceneManifest_Generation[sdk=iphoneos*]" = YES;
				"INFOPLIST_KEY_UIApplicationSceneManifest_Generation[sdk=iphonesimulator*]" = YES;
				"INFOPLIST_KEY_UIApplicationSupportsIndirectInputEvents[sdk=iphoneos*]" = YES;
				"INFOPLIST_KEY_UIApplicationSupportsIndirectInputEvents[sdk=iphonesimulator*]" = YES;
				"INFOPLIST_KEY_UILaunchScreen_Generation[sdk=iphoneos*]" = YES;
				"INFOPLIST_KEY_UILaunchScreen_Generation[sdk=iphonesimulator*]" = YES;
				"INFOPLIST_KEY_UIStatusBarStyle[sdk=iphoneos*]" = UIStatusBarStyleDefault;
				"INFOPLIST_KEY_UIStatusBarStyle[sdk=iphonesimulator*]" = UIStatusBarStyleDefault;
				INFOPLIST_KEY_UISupportedInterfaceOrientations_iPad = "UIInterfaceOrientationPortrait UIInterfaceOrientationPortraitUpsideDown UIInterfaceOrientationLandscapeLeft UIInterfaceOrientationLandscapeRight";
				INFOPLIST_KEY_UISupportedInterfaceOrientations_iPhone = "UIInterfaceOrientationPortrait UIInterfaceOrientationLandscapeLeft UIInterfaceOrientationLandscapeRight";
				IPHONEOS_DEPLOYMENT_TARGET = 17.0;
				LD_RUNPATH_SEARCH_PATHS = "@executable_path/Frameworks";
				"LD_RUNPATH_SEARCH_PATHS[sdk=macosx*]" = "@executable_path/../Frameworks";
				MACOSX_DEPLOYMENT_TARGET = 14.0;
				MARKETING_VERSION = 1.0;
				PRODUCT_BUNDLE_IDENTIFIER = "com.williamr.misio-n-del-dia";
				PRODUCT_NAME = "$(TARGET_NAME)";
				SDKROOT = auto;
				SUPPORTED_PLATFORMS = "iphoneos iphonesimulator macosx";
				SWIFT_EMIT_LOC_STRINGS = YES;
				SWIFT_VERSION = 5.0;
				TARGETED_DEVICE_FAMILY = "1,2";
			};
			name = Release;
		};
/* End XCBuildConfiguration section */

/* Begin XCConfigurationList section */
		7A3438842B0128A00025629D /* Build configuration list for PBXProject "misión-del-dia" */ = {
			isa = XCConfigurationList;
			buildConfigurations = (
				7A3438962B0128A50025629D /* Debug */,
				7A3438972B0128A50025629D /* Release */,
			);
			defaultConfigurationIsVisible = 0;
			defaultConfigurationName = Release;
		};
		7A3438982B0128A50025629D /* Build configuration list for PBXNativeTarget "misión-del-dia" */ = {
			isa = XCConfigurationList;
			buildConfigurations = (
				7A3438992B0128A50025629D /* Debug */,
				7A34389A2B0128A50025629D /* Release */,
			);
			defaultConfigurationIsVisible = 0;
			defaultConfigurationName = Release;
		};
/* End XCConfigurationList section */
	};
	rootObject = 7A3438812B0128A00025629D /* Project object */;
}
